
Microsoft Visual Studio Solution File, Format Version 12.00
# Visual Studio Version 17
VisualStudioVersion = 17.7.34031.279
MinimumVisualStudioVersion = 10.0.40219.1
Project("{FAE04EC0-301F-11D3-BF4B-00C04F79EFBC}") = "Library", "Library\Library.csproj", "{403FE880-D145-4CAB-866A-020C71EAD15B}"
EndProject
Project("{FAE04EC0-301F-11D3-BF4B-00C04F79EFBC}") = "LibraryDataAccess", "LibraryDataAccess\LibraryDataAccess.csproj", "{75F86C7B-EE5F-48E0-8877-30EFD9939356}"
EndProject
Global
	GlobalSection(SolutionConfigurationPlatforms) = preSolution
		Debug|Any CPU = Debug|Any CPU
		Release|Any CPU = Release|Any CPU
	EndGlobalSection
	GlobalSection(ProjectConfigurationPlatforms) = postSolution
		{403FE880-D145-4CAB-866A-020C71EAD15B}.Debug|Any CPU.ActiveCfg = Debug|Any CPU
		{403FE880-D145-4CAB-866A-020C71EAD15B}.Debug|Any CPU.Build.0 = Debug|Any CPU
		{403FE880-D145-4CAB-866A-020C71EAD15B}.Release|Any CPU.ActiveCfg = Release|Any CPU
		{403FE880-D145-4CAB-866A-020C71EAD15B}.Release|Any CPU.Build.0 = Release|Any CPU
		{75F86C7B-EE5F-48E0-8877-30EFD9939356}.Debug|Any CPU.ActiveCfg = Debug|Any CPU
		{75F86C7B-EE5F-48E0-8877-30EFD9939356}.Debug|Any CPU.Build.0 = Debug|Any CPU
		{75F86C7B-EE5F-48E0-8877-30EFD9939356}.Release|Any CPU.ActiveCfg = Release|Any CPU
		{75F86C7B-EE5F-48E0-8877-30EFD9939356}.Release|Any CPU.Build.0 = Release|Any CPU
	EndGlobalSection
	GlobalSection(SolutionProperties) = preSolution
		HideSolutionNode = FALSE
	EndGlobalSection
	GlobalSection(ExtensibilityGlobals) = postSolution
		SolutionGuid = {E1FE8D7B-B0FF-4D4C-AEC8-B2787221EEBB}
	EndGlobalSection
EndGlobal
